
Microsoft Visual Studio Solution File, Format Version 12.00
# Visual Studio Version 17
VisualStudioVersion = 17.13.35825.156 d17.13
MinimumVisualStudioVersion = 10.0.40219.1
Project("{E24C65DC-7377-472B-9ABA-BC803B73C61A}") = "ZenCoderDemo", "ZenCoderDemo\", "{B9995EEE-26C4-52B6-D64E-18EB1C3A24B5}"
	ProjectSection(WebsiteProperties) = preProject
		TargetFrameworkMoniker = ".NETFramework,Version%3Dv4.7.2"
		Debug.AspNetCompiler.VirtualPath = "/localhost_51086"
		Debug.AspNetCompiler.PhysicalPath = "ZenCoderDemo\"
		Debug.AspNetCompiler.TargetPath = "PrecompiledWeb\localhost_51086\"
		Debug.AspNetCompiler.Updateable = "true"
		Debug.AspNetCompiler.ForceOverwrite = "true"
		Debug.AspNetCompiler.FixedNames = "false"
		Debug.AspNetCompiler.Debug = "True"
		Release.AspNetCompiler.VirtualPath = "/localhost_51086"
		Release.AspNetCompiler.PhysicalPath = "ZenCoderDemo\"
		Release.AspNetCompiler.TargetPath = "PrecompiledWeb\localhost_51086\"
		Release.AspNetCompiler.Updateable = "true"
		Release.AspNetCompiler.ForceOverwrite = "true"
		Release.AspNetCompiler.FixedNames = "false"
		Release.AspNetCompiler.Debug = "False"
		VWDPort = "51086"
		SlnRelativePath = "ZenCoderDemo\"
		DefaultWebSiteLanguage = "Visual C#"
	EndProjectSection
EndProject
Global
	GlobalSection(SolutionConfigurationPlatforms) = preSolution
		Debug|Any CPU = Debug|Any CPU
	EndGlobalSection
	GlobalSection(ProjectConfigurationPlatforms) = postSolution
		{B9995EEE-26C4-52B6-D64E-18EB1C3A24B5}.Debug|Any CPU.ActiveCfg = Debug|Any CPU
		{B9995EEE-26C4-52B6-D64E-18EB1C3A24B5}.Debug|Any CPU.Build.0 = Debug|Any CPU
	EndGlobalSection
	GlobalSection(SolutionProperties) = preSolution
		HideSolutionNode = FALSE
	EndGlobalSection
	GlobalSection(ExtensibilityGlobals) = postSolution
		SolutionGuid = {2C10C97C-7D10-40B0-8091-CBAC276B973F}
	EndGlobalSection
EndGlobal
